// !$*UTF8*$!
{
	archiveVersion = 1;
	classes = {
	};
	objectVersion = 50;
	objects = {

/* Begin PBXBuildFile section */
		A9633BB52A6A9E5B00384659 /* AppDelegate.swift in Sources */ = {isa = PBXBuildFile; fileRef = A9633BB42A6A9E5B00384659 /* AppDelegate.swift */; };
		A9633BB72A6A9E5B00384659 /* SceneDelegate.swift in Sources */ = {isa = PBXBuildFile; fileRef = A9633BB62A6A9E5B00384659 /* SceneDelegate.swift */; };
		A9633BB92A6A9E5B00384659 /* ViewController.swift in Sources */ = {isa = PBXBuildFile; fileRef = A9633BB82A6A9E5B00384659 /* ViewController.swift */; };
		A9633BBC2A6A9E5B00384659 /* Main.storyboard in Resources */ = {isa = PBXBuildFile; fileRef = A9633BBA2A6A9E5B00384659 /* Main.storyboard */; };
		A9633BBE2A6A9E6400384659 /* Assets.xcassets in Resources */ = {isa = PBXBuildFile; fileRef = A9633BBD2A6A9E6400384659 /* Assets.xcassets */; };
		A9633BC12A6A9E6400384659 /* LaunchScreen.storyboard in Resources */ = {isa = PBXBuildFile; fileRef = A9633BBF2A6A9E6400384659 /* LaunchScreen.storyboard */; };
/* End PBXBuildFile section */

/* Begin PBXFileReference section */
		A9633BB12A6A9E5B00384659 /* (8)datepicker.app */ = {isa = PBXFileReference; explicitFileType = wrapper.application; includeInIndex = 0; path = "(8)datepicker.app"; sourceTree = BUILT_PRODUCTS_DIR; };
		A9633BB42A6A9E5B00384659 /* AppDelegate.swift */ = {isa = PBXFileReference; lastKnownFileType = sourcecode.swift; path = AppDelegate.swift; sourceTree = "<group>"; };
		A9633BB62A6A9E5B00384659 /* SceneDelegate.swift */ = {isa = PBXFileReference; lastKnownFileType = sourcecode.swift; path = SceneDelegate.swift; sourceTree = "<group>"; };
		A9633BB82A6A9E5B00384659 /* ViewController.swift */ = {isa = PBXFileReference; lastKnownFileType = sourcecode.swift; path = ViewController.swift; sourceTree = "<group>"; };
		A9633BBB2A6A9E5B00384659 /* Base */ = {isa = PBXFileReference; lastKnownFileType = file.storyboard; name = Base; path = Base.lproj/Main.storyboard; sourceTree = "<group>"; };
		A9633BBD2A6A9E6400384659 /* Assets.xcassets */ = {isa = PBXFileReference; lastKnownFileType = folder.assetcatalog; path = Assets.xcassets; sourceTree = "<group>"; };
		A9633BC02A6A9E6400384659 /* Base */ = {isa = PBXFileReference; lastKnownFileType = file.storyboard; name = Base; path = Base.lproj/LaunchScreen.storyboard; sourceTree = "<group>"; };
		A9633BC22A6A9E6400384659 /* Info.plist */ = {isa = PBXFileReference; lastKnownFileType = text.plist.xml; path = Info.plist; sourceTree = "<group>"; };
/* End PBXFileReference section */

/* Begin PBXFrameworksBuildPhase section */
		A9633BAE2A6A9E5B00384659 /* Frameworks */ = {
			isa = PBXFrameworksBuildPhase;
			buildActionMask = 2147483647;
			files = (
			);
			runOnlyForDeploymentPostprocessing = 0;
		};
/* End PBXFrameworksBuildPhase section */

/* Begin PBXGroup section */
		A9633BA82A6A9E5B00384659 = {
			isa = PBXGroup;
			children = (
				A9633BB32A6A9E5B00384659 /* (8)datepicker */,
				A9633BB22A6A9E5B00384659 /* Products */,
			);
			sourceTree = "<group>";
		};
		A9633BB22A6A9E5B00384659 /* Products */ = {
			isa = PBXGroup;
			children = (
				A9633BB12A6A9E5B00384659 /* (8)datepicker.app */,
			);
			name = Products;
			sourceTree = "<group>";
		};
		A9633BB32A6A9E5B00384659 /* (8)datepicker */ = {
			isa = PBXGroup;
			children = (
				A9633BB42A6A9E5B00384659 /* AppDelegate.swift */,
				A9633BB62A6A9E5B00384659 /* SceneDelegate.swift */,
				A9633BB82A6A9E5B00384659 /* ViewController.swift */,
				A9633BBA2A6A9E5B00384659 /* Main.storyboard */,
				A9633BBD2A6A9E6400384659 /* Assets.xcassets */,
				A9633BBF2A6A9E6400384659 /* LaunchScreen.storyboard */,
				A9633BC22A6A9E6400384659 /* Info.plist */,
			);
			path = "(8)datepicker";
			sourceTree = "<group>";
		};
/* End PBXGroup section */

/* Begin PBXNativeTarget section */
		A9633BB02A6A9E5B00384659 /* (8)datepicker */ = {
			isa = PBXNativeTarget;
			buildConfigurationList = A9633BC52A6A9E6400384659 /* Build configuration list for PBXNativeTarget "(8)datepicker" */;
			buildPhases = (
				A9633BAD2A6A9E5B00384659 /* Sources */,
				A9633BAE2A6A9E5B00384659 /* Frameworks */,
				A9633BAF2A6A9E5B00384659 /* Resources */,
			);
			buildRules = (
			);
			dependencies = (
			);
			name = "(8)datepicker";
			productName = "(8)datepicker";
			productReference = A9633BB12A6A9E5B00384659 /* (8)datepicker.app */;
			productType = "com.apple.product-type.application";
		};
/* End PBXNativeTarget section */

/* Begin PBXProject section */
		A9633BA92A6A9E5B00384659 /* Project object */ = {
			isa = PBXProject;
			attributes = {
				LastSwiftUpdateCheck = 1200;
				LastUpgradeCheck = 1200;
				TargetAttributes = {
					A9633BB02A6A9E5B00384659 = {
						CreatedOnToolsVersion = 12.0;
					};
				};
			};
			buildConfigurationList = A9633BAC2A6A9E5B00384659 /* Build configuration list for PBXProject "(8)datepicker" */;
			compatibilityVersion = "Xcode 9.3";
			developmentRegion = en;
			hasScannedForEncodings = 0;
			knownRegions = (
				en,
				Base,
			);
			mainGroup = A9633BA82A6A9E5B00384659;
			productRefGroup = A9633BB22A6A9E5B00384659 /* Products */;
			projectDirPath = "";
			projectRoot = "";
			targets = (
				A9633BB02A6A9E5B00384659 /* (8)datepicker */,
			);
		};
/* End PBXProject section */

/* Begin PBXResourcesBuildPhase section */
		A9633BAF2A6A9E5B00384659 /* Resources */ = {
			isa = PBXResourcesBuildPhase;
			buildActionMask = 2147483647;
			files = (
				A9633BC12A6A9E6400384659 /* LaunchScreen.storyboard in Resources */,
				A9633BBE2A6A9E6400384659 /* Assets.xcassets in Resources */,
				A9633BBC2A6A9E5B00384659 /* Main.storyboard in Resources */,
			);
			runOnlyForDeploymentPostprocessing = 0;
		};
/* End PBXResourcesBuildPhase section */

/* Begin PBXSourcesBuildPhase section */
		A9633BAD2A6A9E5B00384659 /* Sources */ = {
			isa = PBXSourcesBuildPhase;
			buildActionMask = 2147483647;
			files = (
				A9633BB92A6A9E5B00384659 /* ViewController.swift in Sources */,
				A9633BB52A6A9E5B00384659 /* AppDelegate.swift in Sources */,
				A9633BB72A6A9E5B00384659 /* SceneDelegate.swift in Sources */,
			);
			runOnlyForDeploymentPostprocessing = 0;
		};
/* End PBXSourcesBuildPhase section */

/* Begin PBXVariantGroup section */
		A9633BBA2A6A9E5B00384659 /* Main.storyboard */ = {
			isa = PBXVariantGroup;
			children = (
				A9633BBB2A6A9E5B00384659 /* Base */,
			);
			name = Main.storyboard;
			sourceTree = "<group>";
		};
		A9633BBF2A6A9E6400384659 /* LaunchScreen.storyboard */ = {
			isa = PBXVariantGroup;
			children = (
				A9633BC02A6A9E6400384659 /* Base */,
			);
			name = LaunchScreen.storyboard;
			sourceTree = "<group>";
		};
/* End PBXVariantGroup section */

/* Begin XCBuildConfiguration section */
		A9633BC32A6A9E6400384659 /* Debug */ = {
			isa = XCBuildConfiguration;
			buildSettings = {
				ALWAYS_SEARCH_USER_PATHS = NO;
				CLANG_ANALYZER_NONNULL = YES;
				CLANG_ANALYZER_NUMBER_OBJECT_CONVERSION = YES_AGGRESSIVE;
				CLANG_CXX_LANGUAGE_STANDARD = "gnu++14";
				CLANG_CXX_LIBRARY = "libc++";
				CLANG_ENABLE_MODULES = YES;
				CLANG_ENABLE_OBJC_ARC = YES;
				CLANG_ENABLE_OBJC_WEAK = YES;
				CLANG_WARN_BLOCK_CAPTURE_AUTORELEASING = YES;
				CLANG_WARN_BOOL_CONVERSION = YES;
				CLANG_WARN_COMMA = YES;
				CLANG_WARN_CONSTANT_CONVERSION = YES;
				CLANG_WARN_DEPRECATED_OBJC_IMPLEMENTATIONS = YES;
				CLANG_WARN_DIRECT_OBJC_ISA_USAGE = YES_ERROR;
				CLANG_WARN_DOCUMENTATION_COMMENTS = YES;
				CLANG_WARN_EMPTY_BODY = YES;
				CLANG_WARN_ENUM_CONVERSION = YES;
				CLANG_WARN_INFINITE_RECURSION = YES;
				CLANG_WARN_INT_CONVERSION = YES;
				CLANG_WARN_NON_LITERAL_NULL_CONVERSION = YES;
				CLANG_WARN_OBJC_IMPLICIT_RETAIN_SELF = YES;
				CLANG_WARN_OBJC_LITERAL_CONVERSION = YES;
				CLANG_WARN_OBJC_ROOT_CLASS = YES_ERROR;
				CLANG_WARN_QUOTED_INCLUDE_IN_FRAMEWORK_HEADER = YES;
				CLANG_WARN_RANGE_LOOP_ANALYSIS = YES;
				CLANG_WARN_STRICT_PROTOTYPES = YES;
				CLANG_WARN_SUSPICIOUS_MOVE = YES;
				CLANG_WARN_UNGUARDED_AVAILABILITY = YES_AGGRESSIVE;
				CLANG_WARN_UNREACHABLE_CODE = YES;
				CLANG_WARN__DUPLICATE_METHOD_MATCH = YES;
				COPY_PHASE_STRIP = NO;
				DEBUG_INFORMATION_FORMAT = dwarf;
				ENABLE_STRICT_OBJC_MSGSEND = YES;
				ENABLE_TESTABILITY = YES;
				GCC_C_LANGUAGE_STANDARD = gnu11;
				GCC_DYNAMIC_NO_PIC = NO;
				GCC_NO_COMMON_BLOCKS = YES;
				GCC_OPTIMIZATION_LEVEL = 0;
				GCC_PREPROCESSOR_DEFINITIONS = (
					"DEBUG=1",
					"$(inherited)",
				);
				GCC_WARN_64_TO_32_BIT_CONVERSION = YES;
				GCC_WARN_ABOUT_RETURN_TYPE = YES_ERROR;
				GCC_WARN_UNDECLARED_SELECTOR = YES;
				GCC_WARN_UNINITIALIZED_AUTOS = YES_AGGRESSIVE;
				GCC_WARN_UNUSED_FUNCTION = YES;
				GCC_WARN_UNUSED_VARIABLE = YES;
				IPHONEOS_DEPLOYMENT_TARGET = 14.0;
				MTL_ENABLE_DEBUG_INFO = INCLUDE_SOURCE;
				MTL_FAST_MATH = YES;
				ONLY_ACTIVE_ARCH = YES;
				SDKROOT = iphoneos;
				SWIFT_ACTIVE_COMPILATION_CONDITIONS = DEBUG;
				SWIFT_OPTIMIZATION_LEVEL = "-Onone";
			};
			name = Debug;
		};
		A9633BC42A6A9E6400384659 /* Release */ = {
			isa = XCBuildConfiguration;
			buildSettings = {
				ALWAYS_SEARCH_USER_PATHS = NO;
				CLANG_ANALYZER_NONNULL = YES;
				CLANG_ANALYZER_NUMBER_OBJECT_CONVERSION = YES_AGGRESSIVE;
				CLANG_CXX_LANGUAGE_STANDARD = "gnu++14";
				CLANG_CXX_LIBRARY = "libc++";
				CLANG_ENABLE_MODULES = YES;
				CLANG_ENABLE_OBJC_ARC = YES;
				CLANG_ENABLE_OBJC_WEAK = YES;
				CLANG_WARN_BLOCK_CAPTURE_AUTORELEASING = YES;
				CLANG_WARN_BOOL_CONVERSION = YES;
				CLANG_WARN_COMMA = YES;
				CLANG_WARN_CONSTANT_CONVERSION = YES;
				CLANG_WARN_DEPRECATED_OBJC_IMPLEMENTATIONS = YES;
				CLANG_WARN_DIRECT_OBJC_ISA_USAGE = YES_ERROR;
				CLANG_WARN_DOCUMENTATION_COMMENTS = YES;
				CLANG_WARN_EMPTY_BODY = YES;
				CLANG_WARN_ENUM_CONVERSION = YES;
				CLANG_WARN_INFINITE_RECURSION = YES;
				CLANG_WARN_INT_CONVERSION = YES;
				CLANG_WARN_NON_LITERAL_NULL_CONVERSION = YES;
				CLANG_WARN_OBJC_IMPLICIT_RETAIN_SELF = YES;
				CLANG_WARN_OBJC_LITERAL_CONVERSION = YES;
				CLANG_WARN_OBJC_ROOT_CLASS = YES_ERROR;
				CLANG_WARN_QUOTED_INCLUDE_IN_FRAMEWORK_HEADER = YES;
				CLANG_WARN_RANGE_LOOP_ANALYSIS = YES;
				CLANG_WARN_STRICT_PROTOTYPES = YES;
				CLANG_WARN_SUSPICIOUS_MOVE = YES;
				CLANG_WARN_UNGUARDED_AVAILABILITY = YES_AGGRESSIVE;
				CLANG_WARN_UNREACHABLE_CODE = YES;
				CLANG_WARN__DUPLICATE_METHOD_MATCH = YES;
				COPY_PHASE_STRIP = NO;
				DEBUG_INFORMATION_FORMAT = "dwarf-with-dsym";
				ENABLE_NS_ASSERTIONS = NO;
				ENABLE_STRICT_OBJC_MSGSEND = YES;
				GCC_C_LANGUAGE_STANDARD = gnu11;
				GCC_NO_COMMON_BLOCKS = YES;
				GCC_WARN_64_TO_32_BIT_CONVERSION = YES;
				GCC_WARN_ABOUT_RETURN_TYPE = YES_ERROR;
				GCC_WARN_UNDECLARED_SELECTOR = YES;
				GCC_WARN_UNINITIALIZED_AUTOS = YES_AGGRESSIVE;
				GCC_WARN_UNUSED_FUNCTION = YES;
				GCC_WARN_UNUSED_VARIABLE = YES;
				IPHONEOS_DEPLOYMENT_TARGET = 14.0;
				MTL_ENABLE_DEBUG_INFO = NO;
				MTL_FAST_MATH = YES;
				SDKROOT = iphoneos;
				SWIFT_COMPILATION_MODE = wholemodule;
				SWIFT_OPTIMIZATION_LEVEL = "-O";
				VALIDATE_PRODUCT = YES;
			};
			name = Release;
		};
		A9633BC62A6A9E6400384659 /* Debug */ = {
			isa = XCBuildConfiguration;
			buildSettings = {
				ASSETCATALOG_COMPILER_APPICON_NAME = AppIcon;
				ASSETCATALOG_COMPILER_GLOBAL_ACCENT_COLOR_NAME = AccentColor;
				CODE_SIGN_STYLE = Automatic;
				INFOPLIST_FILE = "(8)datepicker/Info.plist";
				LD_RUNPATH_SEARCH_PATHS = (
					"$(inherited)",
					"@executable_path/Frameworks",
				);
				PRODUCT_BUNDLE_IDENTIFIER = "e.-8-datepicker";
				PRODUCT_NAME = "$(TARGET_NAME)";
				SWIFT_VERSION = 5.0;
				TARGETED_DEVICE_FAMILY = "1,2";
			};
			name = Debug;
		};
		A9633BC72A6A9E6400384659 /* Release */ = {
			isa = XCBuildConfiguration;
			buildSettings = {
				ASSETCATALOG_COMPILER_APPICON_NAME = AppIcon;
				ASSETCATALOG_COMPILER_GLOBAL_ACCENT_COLOR_NAME = AccentColor;
				CODE_SIGN_STYLE = Automatic;
				INFOPLIST_FILE = "(8)datepicker/Info.plist";
				LD_RUNPATH_SEARCH_PATHS = (
					"$(inherited)",
					"@executable_path/Frameworks",
				);
				PRODUCT_BUNDLE_IDENTIFIER = "e.-8-datepicker";
				PRODUCT_NAME = "$(TARGET_NAME)";
				SWIFT_VERSION = 5.0;
				TARGETED_DEVICE_FAMILY = "1,2";
			};
			name = Release;
		};
/* End XCBuildConfiguration section */

/* Begin XCConfigurationList section */
		A9633BAC2A6A9E5B00384659 /* Build configuration list for PBXProject "(8)datepicker" */ = {
			isa = XCConfigurationList;
			buildConfigurations = (
				A9633BC32A6A9E6400384659 /* Debug */,
				A9633BC42A6A9E6400384659 /* Release */,
			);
			defaultConfigurationIsVisible = 0;
			defaultConfigurationName = Release;
		};
		A9633BC52A6A9E6400384659 /* Build configuration list for PBXNativeTarget "(8)datepicker" */ = {
			isa = XCConfigurationList;
			buildConfigurations = (
				A9633BC62A6A9E6400384659 /* Debug */,
				A9633BC72A6A9E6400384659 /* Release */,
			);
			defaultConfigurationIsVisible = 0;
			defaultConfigurationName = Release;
		};
/* End XCConfigurationList section */
	};
	rootObject = A9633BA92A6A9E5B00384659 /* Project object */;
}
